<?xml version="1.0" encoding="utf-8"?>
<Project ToolsVersion="4.0" xmlns="http://schemas.microsoft.com/developer/msbuild/2003">
  <ItemGroup>
    <Filter Include="Source Files">
      <UniqueIdentifier>{4FC737F1-C7A5-4376-A066-2A32D752A2FF}</UniqueIdentifier>
      <Extensions>cpp;c;cc;cxx;c++;cppm;ixx;def;odl;idl;hpj;bat;asm;asmx</Extensions>
    </Filter>
    <Filter Include="Header Files">
      <UniqueIdentifier>{93995380-89BD-4b04-88EB-625FBE52EBFB}</UniqueIdentifier>
      <Extensions>h;hh;hpp;hxx;h++;hm;inl;inc;ipp;xsd</Extensions>
    </Filter>
    <Filter Include="Resource Files">
      <UniqueIdentifier>{67DA6AB6-F800-4c08-8B7A-83BB121AAD01}</UniqueIdentifier>
      <Extensions>rc;ico;cur;bmp;dlg;rc2;rct;bin;rgs;gif;jpg;jpeg;jpe;resx;tiff;tif;png;wav;mfcribbon-ms</Extensions>
    </Filter>
    <Filter Include="Header Files\Core">
      <UniqueIdentifier>{0a6941bb-d0e8-4a69-8a21-1b580e3e912d}</UniqueIdentifier>
    </Filter>
    <Filter Include="Header Files\Templates">
      <UniqueIdentifier>{43ee0a91-3f87-4c82-b381-1be7b4544509}</UniqueIdentifier>
    </Filter>
    <Filter Include="Header Files\Templates\WINAPI">
      <UniqueIdentifier>{e73a07e1-b8c1-4333-948e-33e16d205099}</UniqueIdentifier>
    </Filter>
    <Filter Include="Documentation">
      <UniqueIdentifier>{6c27abcc-8470-4a2d-b33f-385f876362c5}</UniqueIdentifier>
    </Filter>
    <Filter Include="Documentation\Specification items">
      <UniqueIdentifier>{bd676cf4-cad6-4461-8667-1539aa1fbe97}</UniqueIdentifier>
    </Filter>
    <Filter Include="Header Files\Core\General">
      <UniqueIdentifier>{ce05f719-89a7-4c93-876b-4949c8dfd3a7}</UniqueIdentifier>
    </Filter>
    <Filter Include="Header Files\Core\Specification">
      <UniqueIdentifier>{36c95556-29ed-4e7f-8fb9-e0cf63799481}</UniqueIdentifier>
    </Filter>
  </ItemGroup>
  <ItemGroup>
    <ClCompile Include="Spengine.cpp">
      <Filter>Source Files</Filter>
    </ClCompile>
  </ItemGroup>
  <ItemGroup>
    <ClInclude Include="lib\templates\Windows\winapi_hardware.h">
      <Filter>Header Files\Templates\WINAPI</Filter>
    </ClInclude>
    <ClInclude Include="lib\templates\Windows\winapi.h">
      <Filter>Header Files\Templates\WINAPI</Filter>
    </ClInclude>
    <ClInclude Include="lib\templates\Windows\winapi_windows.h">
      <Filter>Header Files\Templates\WINAPI</Filter>
    </ClInclude>
    <ClInclude Include="lib\core\specification.h">
      <Filter>Header Files\Core\Specification</Filter>
    </ClInclude>
    <ClInclude Include="lib\core\interface.h">
      <Filter>Header Files\Core\Specification</Filter>
    </ClInclude>
    <ClInclude Include="lib\core\environment.h">
      <Filter>Header Files\Core\General</Filter>
    </ClInclude>
    <ClInclude Include="lib\core\events.h">
      <Filter>Header Files\Core\General</Filter>
    </ClInclude>
    <ClInclude Include="lib\core\math.h">
      <Filter>Header Files\Core\General</Filter>
    </ClInclude>
  </ItemGroup>
  <ItemGroup>
    <None Include="lib\documentation\Event system.md">
      <Filter>Documentation</Filter>
    </None>
    <None Include="lib\documentation\index.md">
      <Filter>Documentation</Filter>
    </None>
    <None Include="lib\documentation\Specification items\Capabilites query.md">
      <Filter>Documentation\Specification items</Filter>
    </None>
  </ItemGroup>
</Project>